
Microsoft Visual Studio Solution File, Format Version 12.00
# Visual Studio Version 17
VisualStudioVersion = 17.4.33122.133
MinimumVisualStudioVersion = 10.0.40219.1
Project("{FAE04EC0-301F-11D3-BF4B-00C04F79EFBC}") = "LSPLC", "LSPLC\LSPLC.csproj", "{F1373E57-FF53-4953-B142-35800EA249B1}"
EndProject
Project("{FAE04EC0-301F-11D3-BF4B-00C04F79EFBC}") = "TCPClient", "TCPClient\TCPClient.csproj", "{015005F5-30F4-43BA-9A6D-DCCF211E3864}"
EndProject
Global
	GlobalSection(SolutionConfigurationPlatforms) = preSolution
		Debug|Any CPU = Debug|Any CPU
		Release|Any CPU = Release|Any CPU
	EndGlobalSection
	GlobalSection(ProjectConfigurationPlatforms) = postSolution
		{F1373E57-FF53-4953-B142-35800EA249B1}.Debug|Any CPU.ActiveCfg = Debug|Any CPU
		{F1373E57-FF53-4953-B142-35800EA249B1}.Debug|Any CPU.Build.0 = Debug|Any CPU
		{F1373E57-FF53-4953-B142-35800EA249B1}.Release|Any CPU.ActiveCfg = Release|Any CPU
		{F1373E57-FF53-4953-B142-35800EA249B1}.Release|Any CPU.Build.0 = Release|Any CPU
		{015005F5-30F4-43BA-9A6D-DCCF211E3864}.Debug|Any CPU.ActiveCfg = Debug|Any CPU
		{015005F5-30F4-43BA-9A6D-DCCF211E3864}.Debug|Any CPU.Build.0 = Debug|Any CPU
		{015005F5-30F4-43BA-9A6D-DCCF211E3864}.Release|Any CPU.ActiveCfg = Release|Any CPU
		{015005F5-30F4-43BA-9A6D-DCCF211E3864}.Release|Any CPU.Build.0 = Release|Any CPU
	EndGlobalSection
	GlobalSection(SolutionProperties) = preSolution
		HideSolutionNode = FALSE
	EndGlobalSection
	GlobalSection(ExtensibilityGlobals) = postSolution
		SolutionGuid = {844A5EC9-DAC8-497E-AFAC-2381BF400449}
	EndGlobalSection
EndGlobal
